
Microsoft Visual Studio Solution File, Format Version 12.00
# Visual Studio Version 17
VisualStudioVersion = 17.14.37111.16 d17.14
MinimumVisualStudioVersion = 10.0.40219.1
Project("{FAE04EC0-301F-11D3-BF4B-00C04F79EFBC}") = "Kursiyer_Takip_Sistemi", "Kursiyer_Takip_Sistemi\Kursiyer_Takip_Sistemi.csproj", "{F60E7985-DAFC-4383-9D05-59FE219DF224}"
EndProject
Global
	GlobalSection(SolutionConfigurationPlatforms) = preSolution
		Debug|Any CPU = Debug|Any CPU
		Release|Any CPU = Release|Any CPU
	EndGlobalSection
	GlobalSection(ProjectConfigurationPlatforms) = postSolution
		{F60E7985-DAFC-4383-9D05-59FE219DF224}.Debug|Any CPU.ActiveCfg = Debug|Any CPU
		{F60E7985-DAFC-4383-9D05-59FE219DF224}.Debug|Any CPU.Build.0 = Debug|Any CPU
		{F60E7985-DAFC-4383-9D05-59FE219DF224}.Release|Any CPU.ActiveCfg = Release|Any CPU
		{F60E7985-DAFC-4383-9D05-59FE219DF224}.Release|Any CPU.Build.0 = Release|Any CPU
	EndGlobalSection
	GlobalSection(SolutionProperties) = preSolution
		HideSolutionNode = FALSE
	EndGlobalSection
	GlobalSection(ExtensibilityGlobals) = postSolution
		SolutionGuid = {CFBBC0D8-F069-4546-A46E-9D5202E0CF2B}
	EndGlobalSection
EndGlobal
